{
  "name": "frontend",
  "version": "0.1.0",
  "lockfileVersion": 2,
  "requires": true,
  "packages": {
    "": {
      "version": "0.1.0",
      "dependencies": {
        "quic": "^0.4.2"
      }
    },
    "node_modules/long": {
      "version": "4.0.0",
      "resolved": "https://registry.npmjs.org/long/-/long-4.0.0.tgz",
      "integrity": "sha512-XsP+KhQif4bjX1kbuSiySJFNAehNxgLb6hPRGJ9QsUr8ajHkuXGdrHmFUTUUXhDwVX2R5bY4JNZEwbUiMhV+MA=="
    },
    "node_modules/quic": {
      "version": "0.4.2",
      "resolved": "https://registry.npmjs.org/quic/-/quic-0.4.2.tgz",
      "integrity": "sha512-kp2V8C2d7SnKag6a2g3CjlnoYOV9LccQR4oh1qioo3drsgFrSVjT9TZDnT6juz03prMbbJSbbdxIQjEApkb91A==",
      "dependencies": {
        "long": "^4.0.0"
      },
      "engines": {
        "node": ">= 8"
      }
    }
  },
  "dependencies": {
    "long": {
      "version": "4.0.0",
      "resolved": "https://registry.npmjs.org/long/-/long-4.0.0.tgz",
      "integrity": "sha512-XsP+KhQif4bjX1kbuSiySJFNAehNxgLb6hPRGJ9QsUr8ajHkuXGdrHmFUTUUXhDwVX2R5bY4JNZEwbUiMhV+MA=="
    },
    "quic": {
      "version": "0.4.2",
      "resolved": "https://registry.npmjs.org/quic/-/quic-0.4.2.tgz",
      "integrity": "sha512-kp2V8C2d7SnKag6a2g3CjlnoYOV9LccQR4oh1qioo3drsgFrSVjT9TZDnT6juz03prMbbJSbbdxIQjEApkb91A==",
      "requires": {
        "long": "^4.0.0"
      }
    }
  }
}
